
Microsoft Visual Studio Solution File, Format Version 12.00
# Visual Studio Version 17
VisualStudioVersion = 17.5.33414.496
MinimumVisualStudioVersion = 10.0.40219.1
Project("{9A19103F-16F7-4668-BE54-9A1E7A4F7556}") = "BackendApi", "Webapi\BackendApi.csproj", "{FF7D10E1-209B-4145-9763-A00A6F2182C8}"
EndProject
Project("{9A19103F-16F7-4668-BE54-9A1E7A4F7556}") = "Application", "Application\Application.csproj", "{4A41565C-E85C-46B1-979F-A17707A3F965}"
EndProject
Project("{9A19103F-16F7-4668-BE54-9A1E7A4F7556}") = "Repository", "Repository\Repository.csproj", "{35786D38-23D5-42DC-9867-8472D0DC3D6E}"
EndProject
Project("{9A19103F-16F7-4668-BE54-9A1E7A4F7556}") = "DataAccess", "DataAccess\DataAccess.csproj", "{ECCEC13A-115A-4CBB-BC49-1E68E9F14B3E}"
EndProject
Project("{9A19103F-16F7-4668-BE54-9A1E7A4F7556}") = "Entities", "Entities\Entities.csproj", "{8E73A183-DD3D-43A4-B23C-3A8EC010C242}"
EndProject
Project("{9A19103F-16F7-4668-BE54-9A1E7A4F7556}") = "Services", "Services\Services.csproj", "{94A454F8-0F0A-49BF-9A95-5528F1896CF8}"
EndProject
Project("{9A19103F-16F7-4668-BE54-9A1E7A4F7556}") = "Abstraction", "Abstraction\Abstraction.csproj", "{0B3292C1-70EC-4388-A9D8-725B0DCB364E}"
EndProject
Project("{9A19103F-16F7-4668-BE54-9A1E7A4F7556}") = "WebService", "WebService\WebService.csproj", "{6F512746-22E5-4C2F-8C5B-31D8981CA488}"
EndProject
Global
	GlobalSection(SolutionConfigurationPlatforms) = preSolution
		Debug|Any CPU = Debug|Any CPU
		Release|Any CPU = Release|Any CPU
	EndGlobalSection
	GlobalSection(ProjectConfigurationPlatforms) = postSolution
		{FF7D10E1-209B-4145-9763-A00A6F2182C8}.Debug|Any CPU.ActiveCfg = Debug|Any CPU
		{FF7D10E1-209B-4145-9763-A00A6F2182C8}.Debug|Any CPU.Build.0 = Debug|Any CPU
		{FF7D10E1-209B-4145-9763-A00A6F2182C8}.Release|Any CPU.ActiveCfg = Release|Any CPU
		{FF7D10E1-209B-4145-9763-A00A6F2182C8}.Release|Any CPU.Build.0 = Release|Any CPU
		{4A41565C-E85C-46B1-979F-A17707A3F965}.Debug|Any CPU.ActiveCfg = Debug|Any CPU
		{4A41565C-E85C-46B1-979F-A17707A3F965}.Debug|Any CPU.Build.0 = Debug|Any CPU
		{4A41565C-E85C-46B1-979F-A17707A3F965}.Release|Any CPU.ActiveCfg = Release|Any CPU
		{4A41565C-E85C-46B1-979F-A17707A3F965}.Release|Any CPU.Build.0 = Release|Any CPU
		{35786D38-23D5-42DC-9867-8472D0DC3D6E}.Debug|Any CPU.ActiveCfg = Debug|Any CPU
		{35786D38-23D5-42DC-9867-8472D0DC3D6E}.Debug|Any CPU.Build.0 = Debug|Any CPU
		{35786D38-23D5-42DC-9867-8472D0DC3D6E}.Release|Any CPU.ActiveCfg = Release|Any CPU
		{35786D38-23D5-42DC-9867-8472D0DC3D6E}.Release|Any CPU.Build.0 = Release|Any CPU
		{ECCEC13A-115A-4CBB-BC49-1E68E9F14B3E}.Debug|Any CPU.ActiveCfg = Debug|Any CPU
		{ECCEC13A-115A-4CBB-BC49-1E68E9F14B3E}.Debug|Any CPU.Build.0 = Debug|Any CPU
		{ECCEC13A-115A-4CBB-BC49-1E68E9F14B3E}.Release|Any CPU.ActiveCfg = Release|Any CPU
		{ECCEC13A-115A-4CBB-BC49-1E68E9F14B3E}.Release|Any CPU.Build.0 = Release|Any CPU
		{8E73A183-DD3D-43A4-B23C-3A8EC010C242}.Debug|Any CPU.ActiveCfg = Debug|Any CPU
		{8E73A183-DD3D-43A4-B23C-3A8EC010C242}.Debug|Any CPU.Build.0 = Debug|Any CPU
		{8E73A183-DD3D-43A4-B23C-3A8EC010C242}.Release|Any CPU.ActiveCfg = Release|Any CPU
		{8E73A183-DD3D-43A4-B23C-3A8EC010C242}.Release|Any CPU.Build.0 = Release|Any CPU
		{94A454F8-0F0A-49BF-9A95-5528F1896CF8}.Debug|Any CPU.ActiveCfg = Debug|Any CPU
		{94A454F8-0F0A-49BF-9A95-5528F1896CF8}.Debug|Any CPU.Build.0 = Debug|Any CPU
		{94A454F8-0F0A-49BF-9A95-5528F1896CF8}.Release|Any CPU.ActiveCfg = Release|Any CPU
		{94A454F8-0F0A-49BF-9A95-5528F1896CF8}.Release|Any CPU.Build.0 = Release|Any CPU
		{0B3292C1-70EC-4388-A9D8-725B0DCB364E}.Debug|Any CPU.ActiveCfg = Debug|Any CPU
		{0B3292C1-70EC-4388-A9D8-725B0DCB364E}.Debug|Any CPU.Build.0 = Debug|Any CPU
		{0B3292C1-70EC-4388-A9D8-725B0DCB364E}.Release|Any CPU.ActiveCfg = Release|Any CPU
		{0B3292C1-70EC-4388-A9D8-725B0DCB364E}.Release|Any CPU.Build.0 = Release|Any CPU
		{6F512746-22E5-4C2F-8C5B-31D8981CA488}.Debug|Any CPU.ActiveCfg = Debug|Any CPU
		{6F512746-22E5-4C2F-8C5B-31D8981CA488}.Debug|Any CPU.Build.0 = Debug|Any CPU
		{6F512746-22E5-4C2F-8C5B-31D8981CA488}.Release|Any CPU.ActiveCfg = Release|Any CPU
		{6F512746-22E5-4C2F-8C5B-31D8981CA488}.Release|Any CPU.Build.0 = Release|Any CPU
	EndGlobalSection
	GlobalSection(SolutionProperties) = preSolution
		HideSolutionNode = FALSE
	EndGlobalSection
	GlobalSection(ExtensibilityGlobals) = postSolution
		SolutionGuid = {9DD7872A-D9C8-4A75-82CC-CB3A38816EDC}
	EndGlobalSection
EndGlobal
